
Microsoft Visual Studio Solution File, Format Version 12.00
# Visual Studio Version 17
VisualStudioVersion = 17.0.31903.59
MinimumVisualStudioVersion = 10.0.40219.1
Project("{2150E333-8FDC-42A3-9474-1A3956D46DE8}") = "src", "src", "{FD357EFC-409A-401A-A6FB-60288795A583}"
	ProjectSection(SolutionItems) = preProject
		docker-compose.yml = docker-compose.yml
	EndProjectSection
EndProject
Project("{FAE04EC0-301F-11D3-BF4B-00C04F79EFBC}") = "MySpot.Api", "src\MySpot.Api\MySpot.Api.csproj", "{42B42ECE-F7A9-4F76-A5A3-FD5323A97B6B}"
EndProject
Project("{2150E333-8FDC-42A3-9474-1A3956D46DE8}") = "tests", "tests", "{FC2B3283-982A-4BD4-9212-9D2F7746F8AE}"
EndProject
Project("{FAE04EC0-301F-11D3-BF4B-00C04F79EFBC}") = "MySpot.Tests.Unit", "MySpot.Tests.Unit\MySpot.Tests.Unit.csproj", "{ED6E3F99-987E-4665-A571-99896DAFB568}"
EndProject
Project("{FAE04EC0-301F-11D3-BF4B-00C04F79EFBC}") = "MySpot.Application", "src\MySpot.Application\MySpot.Application.csproj", "{F9637AB6-AF60-C693-52BF-155C81004BBA}"
EndProject
Project("{FAE04EC0-301F-11D3-BF4B-00C04F79EFBC}") = "MySpot.Core", "src\MySpot.Core\MySpot.Core.csproj", "{CBCBED69-6334-5554-E106-5B075A0F48D8}"
EndProject
Project("{FAE04EC0-301F-11D3-BF4B-00C04F79EFBC}") = "MySpot.Infrastructure", "src\MySpot.Infrastructure\MySpot.Infrastructure.csproj", "{A67B5AAF-9997-D2E9-0584-16EAA5316B2C}"
EndProject
Global
	GlobalSection(SolutionConfigurationPlatforms) = preSolution
		Debug|Any CPU = Debug|Any CPU
		Release|Any CPU = Release|Any CPU
	EndGlobalSection
	GlobalSection(ProjectConfigurationPlatforms) = postSolution
		{42B42ECE-F7A9-4F76-A5A3-FD5323A97B6B}.Debug|Any CPU.ActiveCfg = Debug|Any CPU
		{42B42ECE-F7A9-4F76-A5A3-FD5323A97B6B}.Debug|Any CPU.Build.0 = Debug|Any CPU
		{42B42ECE-F7A9-4F76-A5A3-FD5323A97B6B}.Release|Any CPU.ActiveCfg = Release|Any CPU
		{42B42ECE-F7A9-4F76-A5A3-FD5323A97B6B}.Release|Any CPU.Build.0 = Release|Any CPU
		{ED6E3F99-987E-4665-A571-99896DAFB568}.Debug|Any CPU.ActiveCfg = Debug|Any CPU
		{ED6E3F99-987E-4665-A571-99896DAFB568}.Debug|Any CPU.Build.0 = Debug|Any CPU
		{ED6E3F99-987E-4665-A571-99896DAFB568}.Release|Any CPU.ActiveCfg = Release|Any CPU
		{ED6E3F99-987E-4665-A571-99896DAFB568}.Release|Any CPU.Build.0 = Release|Any CPU
		{F9637AB6-AF60-C693-52BF-155C81004BBA}.Debug|Any CPU.ActiveCfg = Debug|Any CPU
		{F9637AB6-AF60-C693-52BF-155C81004BBA}.Debug|Any CPU.Build.0 = Debug|Any CPU
		{F9637AB6-AF60-C693-52BF-155C81004BBA}.Release|Any CPU.ActiveCfg = Release|Any CPU
		{F9637AB6-AF60-C693-52BF-155C81004BBA}.Release|Any CPU.Build.0 = Release|Any CPU
		{CBCBED69-6334-5554-E106-5B075A0F48D8}.Debug|Any CPU.ActiveCfg = Debug|Any CPU
		{CBCBED69-6334-5554-E106-5B075A0F48D8}.Debug|Any CPU.Build.0 = Debug|Any CPU
		{CBCBED69-6334-5554-E106-5B075A0F48D8}.Release|Any CPU.ActiveCfg = Release|Any CPU
		{CBCBED69-6334-5554-E106-5B075A0F48D8}.Release|Any CPU.Build.0 = Release|Any CPU
		{A67B5AAF-9997-D2E9-0584-16EAA5316B2C}.Debug|Any CPU.ActiveCfg = Debug|Any CPU
		{A67B5AAF-9997-D2E9-0584-16EAA5316B2C}.Debug|Any CPU.Build.0 = Debug|Any CPU
		{A67B5AAF-9997-D2E9-0584-16EAA5316B2C}.Release|Any CPU.ActiveCfg = Release|Any CPU
		{A67B5AAF-9997-D2E9-0584-16EAA5316B2C}.Release|Any CPU.Build.0 = Release|Any CPU
	EndGlobalSection
	GlobalSection(SolutionProperties) = preSolution
		HideSolutionNode = FALSE
	EndGlobalSection
	GlobalSection(NestedProjects) = preSolution
		{42B42ECE-F7A9-4F76-A5A3-FD5323A97B6B} = {FD357EFC-409A-401A-A6FB-60288795A583}
		{ED6E3F99-987E-4665-A571-99896DAFB568} = {FC2B3283-982A-4BD4-9212-9D2F7746F8AE}
		{F9637AB6-AF60-C693-52BF-155C81004BBA} = {FD357EFC-409A-401A-A6FB-60288795A583}
		{CBCBED69-6334-5554-E106-5B075A0F48D8} = {FD357EFC-409A-401A-A6FB-60288795A583}
		{A67B5AAF-9997-D2E9-0584-16EAA5316B2C} = {FD357EFC-409A-401A-A6FB-60288795A583}
	EndGlobalSection
	GlobalSection(ExtensibilityGlobals) = postSolution
		SolutionGuid = {446A6BC8-8DD9-4CC2-BE39-382DF5E7F7F4}
	EndGlobalSection
EndGlobal
